
Microsoft Visual Studio Solution File, Format Version 12.00
# Visual Studio Version 17
VisualStudioVersion = 17.0.31903.59
MinimumVisualStudioVersion = 10.0.40219.1
Project("{2150E333-8FDC-42A3-9474-1A3956D46DE8}") = "src", "src", "{827E0CD3-B72D-47B6-A68D-7590B98EB39B}"
EndProject
Project("{FAE04EC0-301F-11D3-BF4B-00C04F79EFBC}") = "CdIndex.Core", "src\CdIndex.Core\CdIndex.Core.csproj", "{EC455C2A-259C-4B51-9DE4-5C3450CA841C}"
EndProject
Project("{FAE04EC0-301F-11D3-BF4B-00C04F79EFBC}") = "CdIndex.Roslyn", "src\CdIndex.Roslyn\CdIndex.Roslyn.csproj", "{CF08148C-308C-49CF-9291-21BCA9B68871}"
EndProject
Project("{FAE04EC0-301F-11D3-BF4B-00C04F79EFBC}") = "CdIndex.Extractors", "src\CdIndex.Extractors\CdIndex.Extractors.csproj", "{6BA88042-DB3E-4E8C-A247-84C20EAFDEAE}"
EndProject
Project("{FAE04EC0-301F-11D3-BF4B-00C04F79EFBC}") = "CdIndex.Emit", "src\CdIndex.Emit\CdIndex.Emit.csproj", "{1C1C4D90-4291-4548-B60B-DDAA7A2E11D4}"
EndProject
Project("{FAE04EC0-301F-11D3-BF4B-00C04F79EFBC}") = "CdIndex.Cli", "src\CdIndex.Cli\CdIndex.Cli.csproj", "{BAB9B4CD-4C8D-4BD6-9821-9046A04052D1}"
EndProject
Project("{FAE04EC0-301F-11D3-BF4B-00C04F79EFBC}") = "CdIndex.Core.Tests", "tests\CdIndex.Core.Tests\CdIndex.Core.Tests.csproj", "{200F0F9E-098B-4E13-B675-CD40C0A71180}"
EndProject
Project("{FAE04EC0-301F-11D3-BF4B-00C04F79EFBC}") = "CdIndex.Roslyn.Tests", "tests\CdIndex.Roslyn.Tests\CdIndex.Roslyn.Tests.csproj", "{C24B1AE4-C4A7-4094-959F-DB1ADC14C16C}"
EndProject
Project("{FAE04EC0-301F-11D3-BF4B-00C04F79EFBC}") = "CdIndex.Extractors.Tests", "tests\CdIndex.Extractors.Tests\CdIndex.Extractors.Tests.csproj", "{68831A28-E5E8-441F-ABF3-3A1A2AE93F4F}"
EndProject
Global
	GlobalSection(SolutionConfigurationPlatforms) = preSolution
		Debug|Any CPU = Debug|Any CPU
		Debug|x64 = Debug|x64
		Debug|x86 = Debug|x86
		Release|Any CPU = Release|Any CPU
		Release|x64 = Release|x64
		Release|x86 = Release|x86
	EndGlobalSection
	GlobalSection(ProjectConfigurationPlatforms) = postSolution
		{EC455C2A-259C-4B51-9DE4-5C3450CA841C}.Debug|Any CPU.ActiveCfg = Debug|Any CPU
		{EC455C2A-259C-4B51-9DE4-5C3450CA841C}.Debug|Any CPU.Build.0 = Debug|Any CPU
		{EC455C2A-259C-4B51-9DE4-5C3450CA841C}.Debug|x64.ActiveCfg = Debug|Any CPU
		{EC455C2A-259C-4B51-9DE4-5C3450CA841C}.Debug|x64.Build.0 = Debug|Any CPU
		{EC455C2A-259C-4B51-9DE4-5C3450CA841C}.Debug|x86.ActiveCfg = Debug|Any CPU
		{EC455C2A-259C-4B51-9DE4-5C3450CA841C}.Debug|x86.Build.0 = Debug|Any CPU
		{EC455C2A-259C-4B51-9DE4-5C3450CA841C}.Release|Any CPU.ActiveCfg = Release|Any CPU
		{EC455C2A-259C-4B51-9DE4-5C3450CA841C}.Release|Any CPU.Build.0 = Release|Any CPU
		{EC455C2A-259C-4B51-9DE4-5C3450CA841C}.Release|x64.ActiveCfg = Release|Any CPU
		{EC455C2A-259C-4B51-9DE4-5C3450CA841C}.Release|x64.Build.0 = Release|Any CPU
		{EC455C2A-259C-4B51-9DE4-5C3450CA841C}.Release|x86.ActiveCfg = Release|Any CPU
		{EC455C2A-259C-4B51-9DE4-5C3450CA841C}.Release|x86.Build.0 = Release|Any CPU
		{CF08148C-308C-49CF-9291-21BCA9B68871}.Debug|Any CPU.ActiveCfg = Debug|Any CPU
		{CF08148C-308C-49CF-9291-21BCA9B68871}.Debug|Any CPU.Build.0 = Debug|Any CPU
		{CF08148C-308C-49CF-9291-21BCA9B68871}.Debug|x64.ActiveCfg = Debug|Any CPU
		{CF08148C-308C-49CF-9291-21BCA9B68871}.Debug|x64.Build.0 = Debug|Any CPU
		{CF08148C-308C-49CF-9291-21BCA9B68871}.Debug|x86.ActiveCfg = Debug|Any CPU
		{CF08148C-308C-49CF-9291-21BCA9B68871}.Debug|x86.Build.0 = Debug|Any CPU
		{CF08148C-308C-49CF-9291-21BCA9B68871}.Release|Any CPU.ActiveCfg = Release|Any CPU
		{CF08148C-308C-49CF-9291-21BCA9B68871}.Release|Any CPU.Build.0 = Release|Any CPU
		{CF08148C-308C-49CF-9291-21BCA9B68871}.Release|x64.ActiveCfg = Release|Any CPU
		{CF08148C-308C-49CF-9291-21BCA9B68871}.Release|x64.Build.0 = Release|Any CPU
		{CF08148C-308C-49CF-9291-21BCA9B68871}.Release|x86.ActiveCfg = Release|Any CPU
		{CF08148C-308C-49CF-9291-21BCA9B68871}.Release|x86.Build.0 = Release|Any CPU
		{6BA88042-DB3E-4E8C-A247-84C20EAFDEAE}.Debug|Any CPU.ActiveCfg = Debug|Any CPU
		{6BA88042-DB3E-4E8C-A247-84C20EAFDEAE}.Debug|Any CPU.Build.0 = Debug|Any CPU
		{6BA88042-DB3E-4E8C-A247-84C20EAFDEAE}.Debug|x64.ActiveCfg = Debug|Any CPU
		{6BA88042-DB3E-4E8C-A247-84C20EAFDEAE}.Debug|x64.Build.0 = Debug|Any CPU
		{6BA88042-DB3E-4E8C-A247-84C20EAFDEAE}.Debug|x86.ActiveCfg = Debug|Any CPU
		{6BA88042-DB3E-4E8C-A247-84C20EAFDEAE}.Debug|x86.Build.0 = Debug|Any CPU
		{6BA88042-DB3E-4E8C-A247-84C20EAFDEAE}.Release|Any CPU.ActiveCfg = Release|Any CPU
		{6BA88042-DB3E-4E8C-A247-84C20EAFDEAE}.Release|Any CPU.Build.0 = Release|Any CPU
		{6BA88042-DB3E-4E8C-A247-84C20EAFDEAE}.Release|x64.ActiveCfg = Release|Any CPU
		{6BA88042-DB3E-4E8C-A247-84C20EAFDEAE}.Release|x64.Build.0 = Release|Any CPU
		{6BA88042-DB3E-4E8C-A247-84C20EAFDEAE}.Release|x86.ActiveCfg = Release|Any CPU
		{6BA88042-DB3E-4E8C-A247-84C20EAFDEAE}.Release|x86.Build.0 = Release|Any CPU
		{1C1C4D90-4291-4548-B60B-DDAA7A2E11D4}.Debug|Any CPU.ActiveCfg = Debug|Any CPU
		{1C1C4D90-4291-4548-B60B-DDAA7A2E11D4}.Debug|Any CPU.Build.0 = Debug|Any CPU
		{1C1C4D90-4291-4548-B60B-DDAA7A2E11D4}.Debug|x64.ActiveCfg = Debug|Any CPU
		{1C1C4D90-4291-4548-B60B-DDAA7A2E11D4}.Debug|x64.Build.0 = Debug|Any CPU
		{1C1C4D90-4291-4548-B60B-DDAA7A2E11D4}.Debug|x86.ActiveCfg = Debug|Any CPU
		{1C1C4D90-4291-4548-B60B-DDAA7A2E11D4}.Debug|x86.Build.0 = Debug|Any CPU
		{1C1C4D90-4291-4548-B60B-DDAA7A2E11D4}.Release|Any CPU.ActiveCfg = Release|Any CPU
		{1C1C4D90-4291-4548-B60B-DDAA7A2E11D4}.Release|Any CPU.Build.0 = Release|Any CPU
		{1C1C4D90-4291-4548-B60B-DDAA7A2E11D4}.Release|x64.ActiveCfg = Release|Any CPU
		{1C1C4D90-4291-4548-B60B-DDAA7A2E11D4}.Release|x64.Build.0 = Release|Any CPU
		{1C1C4D90-4291-4548-B60B-DDAA7A2E11D4}.Release|x86.ActiveCfg = Release|Any CPU
		{1C1C4D90-4291-4548-B60B-DDAA7A2E11D4}.Release|x86.Build.0 = Release|Any CPU
		{BAB9B4CD-4C8D-4BD6-9821-9046A04052D1}.Debug|Any CPU.ActiveCfg = Debug|Any CPU
		{BAB9B4CD-4C8D-4BD6-9821-9046A04052D1}.Debug|Any CPU.Build.0 = Debug|Any CPU
		{BAB9B4CD-4C8D-4BD6-9821-9046A04052D1}.Debug|x64.ActiveCfg = Debug|Any CPU
		{BAB9B4CD-4C8D-4BD6-9821-9046A04052D1}.Debug|x64.Build.0 = Debug|Any CPU
		{BAB9B4CD-4C8D-4BD6-9821-9046A04052D1}.Debug|x86.ActiveCfg = Debug|Any CPU
		{BAB9B4CD-4C8D-4BD6-9821-9046A04052D1}.Debug|x86.Build.0 = Debug|Any CPU
		{BAB9B4CD-4C8D-4BD6-9821-9046A04052D1}.Release|Any CPU.ActiveCfg = Release|Any CPU
		{BAB9B4CD-4C8D-4BD6-9821-9046A04052D1}.Release|Any CPU.Build.0 = Release|Any CPU
		{BAB9B4CD-4C8D-4BD6-9821-9046A04052D1}.Release|x64.ActiveCfg = Release|Any CPU
		{BAB9B4CD-4C8D-4BD6-9821-9046A04052D1}.Release|x64.Build.0 = Release|Any CPU
		{BAB9B4CD-4C8D-4BD6-9821-9046A04052D1}.Release|x86.ActiveCfg = Release|Any CPU
		{BAB9B4CD-4C8D-4BD6-9821-9046A04052D1}.Release|x86.Build.0 = Release|Any CPU
		{200F0F9E-098B-4E13-B675-CD40C0A71180}.Debug|Any CPU.ActiveCfg = Debug|Any CPU
		{200F0F9E-098B-4E13-B675-CD40C0A71180}.Debug|Any CPU.Build.0 = Debug|Any CPU
		{200F0F9E-098B-4E13-B675-CD40C0A71180}.Debug|x64.ActiveCfg = Debug|Any CPU
		{200F0F9E-098B-4E13-B675-CD40C0A71180}.Debug|x64.Build.0 = Debug|Any CPU
		{200F0F9E-098B-4E13-B675-CD40C0A71180}.Debug|x86.ActiveCfg = Debug|Any CPU
		{200F0F9E-098B-4E13-B675-CD40C0A71180}.Debug|x86.Build.0 = Debug|Any CPU
		{200F0F9E-098B-4E13-B675-CD40C0A71180}.Release|Any CPU.ActiveCfg = Release|Any CPU
		{200F0F9E-098B-4E13-B675-CD40C0A71180}.Release|Any CPU.Build.0 = Release|Any CPU
		{200F0F9E-098B-4E13-B675-CD40C0A71180}.Release|x64.ActiveCfg = Release|Any CPU
		{200F0F9E-098B-4E13-B675-CD40C0A71180}.Release|x64.Build.0 = Release|Any CPU
		{200F0F9E-098B-4E13-B675-CD40C0A71180}.Release|x86.ActiveCfg = Release|Any CPU
		{200F0F9E-098B-4E13-B675-CD40C0A71180}.Release|x86.Build.0 = Release|Any CPU
		{C24B1AE4-C4A7-4094-959F-DB1ADC14C16C}.Debug|Any CPU.ActiveCfg = Debug|Any CPU
		{C24B1AE4-C4A7-4094-959F-DB1ADC14C16C}.Debug|Any CPU.Build.0 = Debug|Any CPU
		{C24B1AE4-C4A7-4094-959F-DB1ADC14C16C}.Debug|x64.ActiveCfg = Debug|Any CPU
		{C24B1AE4-C4A7-4094-959F-DB1ADC14C16C}.Debug|x64.Build.0 = Debug|Any CPU
		{C24B1AE4-C4A7-4094-959F-DB1ADC14C16C}.Debug|x86.ActiveCfg = Debug|Any CPU
		{C24B1AE4-C4A7-4094-959F-DB1ADC14C16C}.Debug|x86.Build.0 = Debug|Any CPU
		{C24B1AE4-C4A7-4094-959F-DB1ADC14C16C}.Release|Any CPU.ActiveCfg = Release|Any CPU
		{C24B1AE4-C4A7-4094-959F-DB1ADC14C16C}.Release|Any CPU.Build.0 = Release|Any CPU
		{C24B1AE4-C4A7-4094-959F-DB1ADC14C16C}.Release|x64.ActiveCfg = Release|Any CPU
		{C24B1AE4-C4A7-4094-959F-DB1ADC14C16C}.Release|x64.Build.0 = Release|Any CPU
		{C24B1AE4-C4A7-4094-959F-DB1ADC14C16C}.Release|x86.ActiveCfg = Release|Any CPU
		{C24B1AE4-C4A7-4094-959F-DB1ADC14C16C}.Release|x86.Build.0 = Release|Any CPU
		{68831A28-E5E8-441F-ABF3-3A1A2AE93F4F}.Debug|Any CPU.ActiveCfg = Debug|Any CPU
		{68831A28-E5E8-441F-ABF3-3A1A2AE93F4F}.Debug|Any CPU.Build.0 = Debug|Any CPU
		{68831A28-E5E8-441F-ABF3-3A1A2AE93F4F}.Debug|x64.ActiveCfg = Debug|Any CPU
		{68831A28-E5E8-441F-ABF3-3A1A2AE93F4F}.Debug|x64.Build.0 = Debug|Any CPU
		{68831A28-E5E8-441F-ABF3-3A1A2AE93F4F}.Debug|x86.ActiveCfg = Debug|Any CPU
		{68831A28-E5E8-441F-ABF3-3A1A2AE93F4F}.Debug|x86.Build.0 = Debug|Any CPU
		{68831A28-E5E8-441F-ABF3-3A1A2AE93F4F}.Release|Any CPU.ActiveCfg = Release|Any CPU
		{68831A28-E5E8-441F-ABF3-3A1A2AE93F4F}.Release|Any CPU.Build.0 = Release|Any CPU
		{68831A28-E5E8-441F-ABF3-3A1A2AE93F4F}.Release|x64.ActiveCfg = Release|Any CPU
		{68831A28-E5E8-441F-ABF3-3A1A2AE93F4F}.Release|x64.Build.0 = Release|Any CPU
		{68831A28-E5E8-441F-ABF3-3A1A2AE93F4F}.Release|x86.ActiveCfg = Release|Any CPU
		{68831A28-E5E8-441F-ABF3-3A1A2AE93F4F}.Release|x86.Build.0 = Release|Any CPU
	EndGlobalSection
	GlobalSection(SolutionProperties) = preSolution
		HideSolutionNode = FALSE
	EndGlobalSection
	GlobalSection(NestedProjects) = preSolution
		{EC455C2A-259C-4B51-9DE4-5C3450CA841C} = {827E0CD3-B72D-47B6-A68D-7590B98EB39B}
		{CF08148C-308C-49CF-9291-21BCA9B68871} = {827E0CD3-B72D-47B6-A68D-7590B98EB39B}
		{6BA88042-DB3E-4E8C-A247-84C20EAFDEAE} = {827E0CD3-B72D-47B6-A68D-7590B98EB39B}
		{1C1C4D90-4291-4548-B60B-DDAA7A2E11D4} = {827E0CD3-B72D-47B6-A68D-7590B98EB39B}
		{BAB9B4CD-4C8D-4BD6-9821-9046A04052D1} = {827E0CD3-B72D-47B6-A68D-7590B98EB39B}
		{200F0F9E-098B-4E13-B675-CD40C0A71180} = {827E0CD3-B72D-47B6-A68D-7590B98EB39B}
		{C24B1AE4-C4A7-4094-959F-DB1ADC14C16C} = {827E0CD3-B72D-47B6-A68D-7590B98EB39B}
		{68831A28-E5E8-441F-ABF3-3A1A2AE93F4F} = {827E0CD3-B72D-47B6-A68D-7590B98EB39B}
	EndGlobalSection
EndGlobal
